// !$*UTF8*$!
{
	archiveVersion = 1;
	classes = {
	};
	objectVersion = 56;
	objects = {

/* Begin PBXBuildFile section */
		04001C3A2C05C603000A040F /* NotificationViewController.swift in Sources */ = {isa = PBXBuildFile; fileRef = 04001C392C05C603000A040F /* NotificationViewController.swift */; };
		04001C3C2C05DBF6000A040F /* MainScanItemView.swift in Sources */ = {isa = PBXBuildFile; fileRef = 04001C3B2C05DBF6000A040F /* MainScanItemView.swift */; };
		04001C3E2C05DD5E000A040F /* UIColor+Extension.swift in Sources */ = {isa = PBXBuildFile; fileRef = 04001C3D2C05DD5E000A040F /* UIColor+Extension.swift */; };
		04001C402C05E1EC000A040F /* Button+Extension.swift in Sources */ = {isa = PBXBuildFile; fileRef = 04001C3F2C05E1EC000A040F /* Button+Extension.swift */; };
		04001C422C060827000A040F /* CenterAnnotationView.swift in Sources */ = {isa = PBXBuildFile; fileRef = 04001C412C060827000A040F /* CenterAnnotationView.swift */; };
		04001C442C06092B000A040F /* CenterAnnotation.swift in Sources */ = {isa = PBXBuildFile; fileRef = 04001C432C06092B000A040F /* CenterAnnotation.swift */; };
		04001C462C06D33A000A040F /* HFMapView.swift in Sources */ = {isa = PBXBuildFile; fileRef = 04001C452C06D33A000A040F /* HFMapView.swift */; };
		04001C4C2C071FF6000A040F /* CustomerServiceViewController.swift in Sources */ = {isa = PBXBuildFile; fileRef = 04001C4B2C071FF6000A040F /* CustomerServiceViewController.swift */; };
		04001C4E2C073103000A040F /* HFStackView.swift in Sources */ = {isa = PBXBuildFile; fileRef = 04001C4D2C073103000A040F /* HFStackView.swift */; };
		04001C502C073420000A040F /* MapFeatureView.swift in Sources */ = {isa = PBXBuildFile; fileRef = 04001C4F2C073420000A040F /* MapFeatureView.swift */; };
		0415AF302BC91AB600E9290D /* AuthAPI.swift in Sources */ = {isa = PBXBuildFile; fileRef = 0415AF2F2BC91AB500E9290D /* AuthAPI.swift */; };
		0415AF322BC92A3700E9290D /* Date+Extension.swift in Sources */ = {isa = PBXBuildFile; fileRef = 0415AF312BC92A3700E9290D /* Date+Extension.swift */; };
		0415AF342BC92BCE00E9290D /* Int+Extension.swift in Sources */ = {isa = PBXBuildFile; fileRef = 0415AF332BC92BCE00E9290D /* Int+Extension.swift */; };
		0415AF362BC935F000E9290D /* CustomPlugin.swift in Sources */ = {isa = PBXBuildFile; fileRef = 0415AF352BC935F000E9290D /* CustomPlugin.swift */; };
		0415AF382BC94A5100E9290D /* NetworkingClient.swift in Sources */ = {isa = PBXBuildFile; fileRef = 0415AF372BC94A5100E9290D /* NetworkingClient.swift */; };
		0415AF3A2BC94AC800E9290D /* HFNetworkingType.swift in Sources */ = {isa = PBXBuildFile; fileRef = 0415AF392BC94AC800E9290D /* HFNetworkingType.swift */; };
		0415AF3C2BCCBD8D00E9290D /* BusinessAPI.swift in Sources */ = {isa = PBXBuildFile; fileRef = 0415AF3B2BCCBD8D00E9290D /* BusinessAPI.swift */; };
		0415AF3F2BCCD97400E9290D /* BatteryDepositAPI.swift in Sources */ = {isa = PBXBuildFile; fileRef = 0415AF3E2BCCD97300E9290D /* BatteryDepositAPI.swift */; };
		0415AF412BCCDC6300E9290D /* PackageCardAPI.swift in Sources */ = {isa = PBXBuildFile; fileRef = 0415AF402BCCDC6300E9290D /* PackageCardAPI.swift */; };
		0415AF432BCCDCFE00E9290D /* MemberAPI.swift in Sources */ = {isa = PBXBuildFile; fileRef = 0415AF422BCCDCFE00E9290D /* MemberAPI.swift */; };
		043DEC772C074850003FD6AD /* MapPackageCardView.swift in Sources */ = {isa = PBXBuildFile; fileRef = 043DEC762C074850003FD6AD /* MapPackageCardView.swift */; };
		043DEC792C074889003FD6AD /* MapInviteView.swift in Sources */ = {isa = PBXBuildFile; fileRef = 043DEC782C074889003FD6AD /* MapInviteView.swift */; };
		043DEC7B2C081833003FD6AD /* MapBatteryView.swift in Sources */ = {isa = PBXBuildFile; fileRef = 043DEC7A2C081833003FD6AD /* MapBatteryView.swift */; };
		043DEC7D2C085253003FD6AD /* MapViewController.swift in Sources */ = {isa = PBXBuildFile; fileRef = 043DEC7C2C085253003FD6AD /* MapViewController.swift */; };
		04FFEE2F2C00454400939B46 /* LoginViewController.swift in Sources */ = {isa = PBXBuildFile; fileRef = 04FFEE2E2C00454400939B46 /* LoginViewController.swift */; };
		04FFEE312C0080FE00939B46 /* LoginAccountInputView.swift in Sources */ = {isa = PBXBuildFile; fileRef = 04FFEE302C0080FE00939B46 /* LoginAccountInputView.swift */; };
		04FFEE332C00889400939B46 /* LoginPhoneViewController.swift in Sources */ = {isa = PBXBuildFile; fileRef = 04FFEE322C00889400939B46 /* LoginPhoneViewController.swift */; };
		04FFEE352C008CC500939B46 /* LoginPasswordInputView.swift in Sources */ = {isa = PBXBuildFile; fileRef = 04FFEE342C008CC500939B46 /* LoginPasswordInputView.swift */; };
		04FFEE372C00975B00939B46 /* LoginVCodeInputView.swift in Sources */ = {isa = PBXBuildFile; fileRef = 04FFEE362C00975A00939B46 /* LoginVCodeInputView.swift */; };
		04FFEE392C0097CE00939B46 /* LoginInviteCodeInputView.swift in Sources */ = {isa = PBXBuildFile; fileRef = 04FFEE382C0097CE00939B46 /* LoginInviteCodeInputView.swift */; };
		04FFEE3C2C0468A000939B46 /* MainTabBarController.swift in Sources */ = {isa = PBXBuildFile; fileRef = 04FFEE3B2C0468A000939B46 /* MainTabBarController.swift */; };
		04FFEE3E2C046FDF00939B46 /* HomeViewController.swift in Sources */ = {isa = PBXBuildFile; fileRef = 04FFEE3D2C046FDF00939B46 /* HomeViewController.swift */; };
		04FFEE402C04700600939B46 /* PersonalViewController.swift in Sources */ = {isa = PBXBuildFile; fileRef = 04FFEE3F2C04700600939B46 /* PersonalViewController.swift */; };
		04FFEE422C04A04600939B46 /* LocationChooseView.swift in Sources */ = {isa = PBXBuildFile; fileRef = 04FFEE412C04A04600939B46 /* LocationChooseView.swift */; };
		04FFEE442C04A0CD00939B46 /* SearchView.swift in Sources */ = {isa = PBXBuildFile; fileRef = 04FFEE432C04A0CD00939B46 /* SearchView.swift */; };
		04FFEE4A2C05A99300939B46 /* MessageViewController.swift in Sources */ = {isa = PBXBuildFile; fileRef = 04FFEE492C05A99300939B46 /* MessageViewController.swift */; };
		04FFEE4C2C05AA1400939B46 /* NeedLoginView.swift in Sources */ = {isa = PBXBuildFile; fileRef = 04FFEE4B2C05AA1400939B46 /* NeedLoginView.swift */; };
		04FFEE4E2C05AA2900939B46 /* NeedAuthView.swift in Sources */ = {isa = PBXBuildFile; fileRef = 04FFEE4D2C05AA2900939B46 /* NeedAuthView.swift */; };
		331C90BE2BC6C60000BB534F /* AppDelegate.swift in Sources */ = {isa = PBXBuildFile; fileRef = 331C90BD2BC6C60000BB534F /* AppDelegate.swift */; };
		331C90C02BC6C60000BB534F /* SceneDelegate.swift in Sources */ = {isa = PBXBuildFile; fileRef = 331C90BF2BC6C60000BB534F /* SceneDelegate.swift */; };
		331C90C22BC6C60000BB534F /* ViewController.swift in Sources */ = {isa = PBXBuildFile; fileRef = 331C90C12BC6C60000BB534F /* ViewController.swift */; };
		331C90C52BC6C60000BB534F /* Base in Resources */ = {isa = PBXBuildFile; fileRef = 331C90C42BC6C60000BB534F /* Base */; };
		331C90C72BC6C60100BB534F /* Assets.xcassets in Resources */ = {isa = PBXBuildFile; fileRef = 331C90C62BC6C60100BB534F /* Assets.xcassets */; };
		331C90CA2BC6C60100BB534F /* Base in Resources */ = {isa = PBXBuildFile; fileRef = 331C90C92BC6C60100BB534F /* Base */; };
		54DAC2B9DB9B7B0ACD0DECA2 /* Pods_hfpower.framework in Frameworks */ = {isa = PBXBuildFile; fileRef = B9B1EC9728C1917EDB97E64F /* Pods_hfpower.framework */; };
/* End PBXBuildFile section */

/* Begin PBXFileReference section */
		04001C392C05C603000A040F /* NotificationViewController.swift */ = {isa = PBXFileReference; lastKnownFileType = sourcecode.swift; path = NotificationViewController.swift; sourceTree = "<group>"; };
		04001C3B2C05DBF6000A040F /* MainScanItemView.swift */ = {isa = PBXFileReference; lastKnownFileType = sourcecode.swift; path = MainScanItemView.swift; sourceTree = "<group>"; };
		04001C3D2C05DD5E000A040F /* UIColor+Extension.swift */ = {isa = PBXFileReference; lastKnownFileType = sourcecode.swift; path = "UIColor+Extension.swift"; sourceTree = "<group>"; };
		04001C3F2C05E1EC000A040F /* Button+Extension.swift */ = {isa = PBXFileReference; lastKnownFileType = sourcecode.swift; path = "Button+Extension.swift"; sourceTree = "<group>"; };
		04001C412C060827000A040F /* CenterAnnotationView.swift */ = {isa = PBXFileReference; lastKnownFileType = sourcecode.swift; path = CenterAnnotationView.swift; sourceTree = "<group>"; };
		04001C432C06092B000A040F /* CenterAnnotation.swift */ = {isa = PBXFileReference; lastKnownFileType = sourcecode.swift; path = CenterAnnotation.swift; sourceTree = "<group>"; };
		04001C452C06D33A000A040F /* HFMapView.swift */ = {isa = PBXFileReference; lastKnownFileType = sourcecode.swift; path = HFMapView.swift; sourceTree = "<group>"; };
		04001C4B2C071FF6000A040F /* CustomerServiceViewController.swift */ = {isa = PBXFileReference; lastKnownFileType = sourcecode.swift; path = CustomerServiceViewController.swift; sourceTree = "<group>"; };
		04001C4D2C073103000A040F /* HFStackView.swift */ = {isa = PBXFileReference; lastKnownFileType = sourcecode.swift; path = HFStackView.swift; sourceTree = "<group>"; };
		04001C4F2C073420000A040F /* MapFeatureView.swift */ = {isa = PBXFileReference; lastKnownFileType = sourcecode.swift; path = MapFeatureView.swift; sourceTree = "<group>"; };
		0415AF2F2BC91AB500E9290D /* AuthAPI.swift */ = {isa = PBXFileReference; lastKnownFileType = sourcecode.swift; path = AuthAPI.swift; sourceTree = "<group>"; };
		0415AF312BC92A3700E9290D /* Date+Extension.swift */ = {isa = PBXFileReference; lastKnownFileType = sourcecode.swift; path = "Date+Extension.swift"; sourceTree = "<group>"; };
		0415AF332BC92BCE00E9290D /* Int+Extension.swift */ = {isa = PBXFileReference; lastKnownFileType = sourcecode.swift; path = "Int+Extension.swift"; sourceTree = "<group>"; };
		0415AF352BC935F000E9290D /* CustomPlugin.swift */ = {isa = PBXFileReference; lastKnownFileType = sourcecode.swift; path = CustomPlugin.swift; sourceTree = "<group>"; };
		0415AF372BC94A5100E9290D /* NetworkingClient.swift */ = {isa = PBXFileReference; lastKnownFileType = sourcecode.swift; path = NetworkingClient.swift; sourceTree = "<group>"; };
		0415AF392BC94AC800E9290D /* HFNetworkingType.swift */ = {isa = PBXFileReference; lastKnownFileType = sourcecode.swift; path = HFNetworkingType.swift; sourceTree = "<group>"; };
		0415AF3B2BCCBD8D00E9290D /* BusinessAPI.swift */ = {isa = PBXFileReference; lastKnownFileType = sourcecode.swift; path = BusinessAPI.swift; sourceTree = "<group>"; };
		0415AF3E2BCCD97300E9290D /* BatteryDepositAPI.swift */ = {isa = PBXFileReference; lastKnownFileType = sourcecode.swift; path = BatteryDepositAPI.swift; sourceTree = "<group>"; };
		0415AF402BCCDC6300E9290D /* PackageCardAPI.swift */ = {isa = PBXFileReference; lastKnownFileType = sourcecode.swift; path = PackageCardAPI.swift; sourceTree = "<group>"; };
		0415AF422BCCDCFE00E9290D /* MemberAPI.swift */ = {isa = PBXFileReference; lastKnownFileType = sourcecode.swift; path = MemberAPI.swift; sourceTree = "<group>"; };
		043DEC762C074850003FD6AD /* MapPackageCardView.swift */ = {isa = PBXFileReference; lastKnownFileType = sourcecode.swift; path = MapPackageCardView.swift; sourceTree = "<group>"; };
		043DEC782C074889003FD6AD /* MapInviteView.swift */ = {isa = PBXFileReference; lastKnownFileType = sourcecode.swift; path = MapInviteView.swift; sourceTree = "<group>"; };
		043DEC7A2C081833003FD6AD /* MapBatteryView.swift */ = {isa = PBXFileReference; lastKnownFileType = sourcecode.swift; path = MapBatteryView.swift; sourceTree = "<group>"; };
		043DEC7C2C085253003FD6AD /* MapViewController.swift */ = {isa = PBXFileReference; lastKnownFileType = sourcecode.swift; path = MapViewController.swift; sourceTree = "<group>"; };
		04FFEE2E2C00454400939B46 /* LoginViewController.swift */ = {isa = PBXFileReference; lastKnownFileType = sourcecode.swift; path = LoginViewController.swift; sourceTree = "<group>"; };
		04FFEE302C0080FE00939B46 /* LoginAccountInputView.swift */ = {isa = PBXFileReference; lastKnownFileType = sourcecode.swift; path = LoginAccountInputView.swift; sourceTree = "<group>"; };
		04FFEE322C00889400939B46 /* LoginPhoneViewController.swift */ = {isa = PBXFileReference; lastKnownFileType = sourcecode.swift; path = LoginPhoneViewController.swift; sourceTree = "<group>"; };
		04FFEE342C008CC500939B46 /* LoginPasswordInputView.swift */ = {isa = PBXFileReference; lastKnownFileType = sourcecode.swift; path = LoginPasswordInputView.swift; sourceTree = "<group>"; };
		04FFEE362C00975A00939B46 /* LoginVCodeInputView.swift */ = {isa = PBXFileReference; lastKnownFileType = sourcecode.swift; path = LoginVCodeInputView.swift; sourceTree = "<group>"; };
		04FFEE382C0097CE00939B46 /* LoginInviteCodeInputView.swift */ = {isa = PBXFileReference; lastKnownFileType = sourcecode.swift; path = LoginInviteCodeInputView.swift; sourceTree = "<group>"; };
		04FFEE3B2C0468A000939B46 /* MainTabBarController.swift */ = {isa = PBXFileReference; lastKnownFileType = sourcecode.swift; path = MainTabBarController.swift; sourceTree = "<group>"; };
		04FFEE3D2C046FDF00939B46 /* HomeViewController.swift */ = {isa = PBXFileReference; lastKnownFileType = sourcecode.swift; path = HomeViewController.swift; sourceTree = "<group>"; };
		04FFEE3F2C04700600939B46 /* PersonalViewController.swift */ = {isa = PBXFileReference; lastKnownFileType = sourcecode.swift; path = PersonalViewController.swift; sourceTree = "<group>"; };
		04FFEE412C04A04600939B46 /* LocationChooseView.swift */ = {isa = PBXFileReference; lastKnownFileType = sourcecode.swift; path = LocationChooseView.swift; sourceTree = "<group>"; };
		04FFEE432C04A0CD00939B46 /* SearchView.swift */ = {isa = PBXFileReference; lastKnownFileType = sourcecode.swift; path = SearchView.swift; sourceTree = "<group>"; };
		04FFEE492C05A99300939B46 /* MessageViewController.swift */ = {isa = PBXFileReference; lastKnownFileType = sourcecode.swift; path = MessageViewController.swift; sourceTree = "<group>"; };
		04FFEE4B2C05AA1400939B46 /* NeedLoginView.swift */ = {isa = PBXFileReference; lastKnownFileType = sourcecode.swift; path = NeedLoginView.swift; sourceTree = "<group>"; };
		04FFEE4D2C05AA2900939B46 /* NeedAuthView.swift */ = {isa = PBXFileReference; lastKnownFileType = sourcecode.swift; path = NeedAuthView.swift; sourceTree = "<group>"; };
		331C90BA2BC6C60000BB534F /* hfpower.app */ = {isa = PBXFileReference; explicitFileType = wrapper.application; includeInIndex = 0; path = hfpower.app; sourceTree = BUILT_PRODUCTS_DIR; };
		331C90BD2BC6C60000BB534F /* AppDelegate.swift */ = {isa = PBXFileReference; lastKnownFileType = sourcecode.swift; path = AppDelegate.swift; sourceTree = "<group>"; };
		331C90BF2BC6C60000BB534F /* SceneDelegate.swift */ = {isa = PBXFileReference; lastKnownFileType = sourcecode.swift; path = SceneDelegate.swift; sourceTree = "<group>"; };
		331C90C12BC6C60000BB534F /* ViewController.swift */ = {isa = PBXFileReference; lastKnownFileType = sourcecode.swift; path = ViewController.swift; sourceTree = "<group>"; };
		331C90C42BC6C60000BB534F /* Base */ = {isa = PBXFileReference; lastKnownFileType = file.storyboard; name = Base; path = Base.lproj/Main.storyboard; sourceTree = "<group>"; };
		331C90C62BC6C60100BB534F /* Assets.xcassets */ = {isa = PBXFileReference; lastKnownFileType = folder.assetcatalog; path = Assets.xcassets; sourceTree = "<group>"; };
		331C90C92BC6C60100BB534F /* Base */ = {isa = PBXFileReference; lastKnownFileType = file.storyboard; name = Base; path = Base.lproj/LaunchScreen.storyboard; sourceTree = "<group>"; };
		331C90CB2BC6C60100BB534F /* Info.plist */ = {isa = PBXFileReference; lastKnownFileType = text.plist.xml; path = Info.plist; sourceTree = "<group>"; };
		40BAA02F3A6DCF0C83B618F5 /* Pods-hfpower.debug.xcconfig */ = {isa = PBXFileReference; includeInIndex = 1; lastKnownFileType = text.xcconfig; name = "Pods-hfpower.debug.xcconfig"; path = "Target Support Files/Pods-hfpower/Pods-hfpower.debug.xcconfig"; sourceTree = "<group>"; };
		7C85BF236988FF38414F990E /* Pods-hfpower.release.xcconfig */ = {isa = PBXFileReference; includeInIndex = 1; lastKnownFileType = text.xcconfig; name = "Pods-hfpower.release.xcconfig"; path = "Target Support Files/Pods-hfpower/Pods-hfpower.release.xcconfig"; sourceTree = "<group>"; };
		B9B1EC9728C1917EDB97E64F /* Pods_hfpower.framework */ = {isa = PBXFileReference; explicitFileType = wrapper.framework; includeInIndex = 0; path = Pods_hfpower.framework; sourceTree = BUILT_PRODUCTS_DIR; };
/* End PBXFileReference section */

/* Begin PBXFrameworksBuildPhase section */
		331C90B72BC6C60000BB534F /* Frameworks */ = {
			isa = PBXFrameworksBuildPhase;
			buildActionMask = 2147483647;
			files = (
				54DAC2B9DB9B7B0ACD0DECA2 /* Pods_hfpower.framework in Frameworks */,
			);
			runOnlyForDeploymentPostprocessing = 0;
		};
/* End PBXFrameworksBuildPhase section */

/* Begin PBXGroup section */
		04001C472C071FB9000A040F /* CustomerService */ = {
			isa = PBXGroup;
			children = (
				04001C4A2C071FDD000A040F /* Controllers */,
				04001C492C071FD4000A040F /* Views */,
				04001C482C071FC5000A040F /* Models */,
			);
			path = CustomerService;
			sourceTree = "<group>";
		};
		04001C482C071FC5000A040F /* Models */ = {
			isa = PBXGroup;
			children = (
			);
			path = Models;
			sourceTree = "<group>";
		};
		04001C492C071FD4000A040F /* Views */ = {
			isa = PBXGroup;
			children = (
			);
			path = Views;
			sourceTree = "<group>";
		};
		04001C4A2C071FDD000A040F /* Controllers */ = {
			isa = PBXGroup;
			children = (
				04001C4B2C071FF6000A040F /* CustomerServiceViewController.swift */,
			);
			path = Controllers;
			sourceTree = "<group>";
		};
		0415AF172BC8E50300E9290D /* Networking */ = {
			isa = PBXGroup;
			children = (
				0415AF3D2BCCD2F700E9290D /* API */,
				0415AF352BC935F000E9290D /* CustomPlugin.swift */,
				0415AF372BC94A5100E9290D /* NetworkingClient.swift */,
			);
			path = Networking;
			sourceTree = "<group>";
		};
		0415AF182BC8E50F00E9290D /* Extensions */ = {
			isa = PBXGroup;
			children = (
				0415AF312BC92A3700E9290D /* Date+Extension.swift */,
				0415AF332BC92BCE00E9290D /* Int+Extension.swift */,
				04001C3D2C05DD5E000A040F /* UIColor+Extension.swift */,
				04001C3F2C05E1EC000A040F /* Button+Extension.swift */,
			);
			path = Extensions;
			sourceTree = "<group>";
		};
		0415AF192BC914DD00E9290D /* Resources */ = {
			isa = PBXGroup;
			children = (
			);
			path = Resources;
			sourceTree = "<group>";
		};
		0415AF1A2BC9155D00E9290D /* Modules */ = {
			isa = PBXGroup;
			children = (
				04001C472C071FB9000A040F /* CustomerService */,
				04FFEE4F2C05AECD00939B46 /* Notification */,
				04FFEE452C05A6EE00939B46 /* Message */,
				0415AF1F2BC9174600E9290D /* Main */,
				0415AF1E2BC9173D00E9290D /* More */,
				0415AF1D2BC9172F00E9290D /* Map */,
				0415AF1C2BC9172300E9290D /* Register */,
				0415AF1B2BC9171A00E9290D /* Login */,
			);
			path = Modules;
			sourceTree = "<group>";
		};
		0415AF1B2BC9171A00E9290D /* Login */ = {
			isa = PBXGroup;
			children = (
				0415AF2E2BC917DE00E9290D /* Controllers */,
				0415AF2D2BC917D800E9290D /* Views */,
				0415AF2C2BC917D200E9290D /* Models */,
			);
			path = Login;
			sourceTree = "<group>";
		};
		0415AF1C2BC9172300E9290D /* Register */ = {
			isa = PBXGroup;
			children = (
				0415AF2B2BC917C800E9290D /* Controllers */,
				0415AF2A2BC917C000E9290D /* Models */,
				0415AF292BC917BB00E9290D /* Views */,
			);
			path = Register;
			sourceTree = "<group>";
		};
		0415AF1D2BC9172F00E9290D /* Map */ = {
			isa = PBXGroup;
			children = (
				0415AF282BC917B100E9290D /* Views */,
				0415AF272BC917AB00E9290D /* Models */,
				0415AF262BC917A300E9290D /* Controllers */,
			);
			path = Map;
			sourceTree = "<group>";
		};
		0415AF1E2BC9173D00E9290D /* More */ = {
			isa = PBXGroup;
			children = (
				0415AF252BC9179D00E9290D /* Views */,
				0415AF242BC9179400E9290D /* Models */,
				0415AF232BC9177E00E9290D /* Controllers */,
			);
			path = More;
			sourceTree = "<group>";
		};
		0415AF1F2BC9174600E9290D /* Main */ = {
			isa = PBXGroup;
			children = (
				0415AF222BC9177000E9290D /* Controllers */,
				0415AF212BC9176A00E9290D /* Models */,
				0415AF202BC9175400E9290D /* Views */,
			);
			path = Main;
			sourceTree = "<group>";
		};
		0415AF202BC9175400E9290D /* Views */ = {
			isa = PBXGroup;
			children = (
				04001C3B2C05DBF6000A040F /* MainScanItemView.swift */,
			);
			path = Views;
			sourceTree = "<group>";
		};
		0415AF212BC9176A00E9290D /* Models */ = {
			isa = PBXGroup;
			children = (
			);
			path = Models;
			sourceTree = "<group>";
		};
		0415AF222BC9177000E9290D /* Controllers */ = {
			isa = PBXGroup;
			children = (
				04FFEE3B2C0468A000939B46 /* MainTabBarController.swift */,
			);
			path = Controllers;
			sourceTree = "<group>";
		};
		0415AF232BC9177E00E9290D /* Controllers */ = {
			isa = PBXGroup;
			children = (
				04FFEE3F2C04700600939B46 /* PersonalViewController.swift */,
			);
			path = Controllers;
			sourceTree = "<group>";
		};
		0415AF242BC9179400E9290D /* Models */ = {
			isa = PBXGroup;
			children = (
			);
			path = Models;
			sourceTree = "<group>";
		};
		0415AF252BC9179D00E9290D /* Views */ = {
			isa = PBXGroup;
			children = (
			);
			path = Views;
			sourceTree = "<group>";
		};
		0415AF262BC917A300E9290D /* Controllers */ = {
			isa = PBXGroup;
			children = (
				04FFEE3D2C046FDF00939B46 /* HomeViewController.swift */,
				043DEC7C2C085253003FD6AD /* MapViewController.swift */,
			);
			path = Controllers;
			sourceTree = "<group>";
		};
		0415AF272BC917AB00E9290D /* Models */ = {
			isa = PBXGroup;
			children = (
				04001C432C06092B000A040F /* CenterAnnotation.swift */,
			);
			path = Models;
			sourceTree = "<group>";
		};
		0415AF282BC917B100E9290D /* Views */ = {
			isa = PBXGroup;
			children = (
				04FFEE412C04A04600939B46 /* LocationChooseView.swift */,
				04FFEE432C04A0CD00939B46 /* SearchView.swift */,
				04FFEE4B2C05AA1400939B46 /* NeedLoginView.swift */,
				04FFEE4D2C05AA2900939B46 /* NeedAuthView.swift */,
				04001C412C060827000A040F /* CenterAnnotationView.swift */,
				04001C452C06D33A000A040F /* HFMapView.swift */,
				04001C4D2C073103000A040F /* HFStackView.swift */,
				04001C4F2C073420000A040F /* MapFeatureView.swift */,
				043DEC762C074850003FD6AD /* MapPackageCardView.swift */,
				043DEC782C074889003FD6AD /* MapInviteView.swift */,
				043DEC7A2C081833003FD6AD /* MapBatteryView.swift */,
			);
			path = Views;
			sourceTree = "<group>";
		};
		0415AF292BC917BB00E9290D /* Views */ = {
			isa = PBXGroup;
			children = (
			);
			path = Views;
			sourceTree = "<group>";
		};
		0415AF2A2BC917C000E9290D /* Models */ = {
			isa = PBXGroup;
			children = (
			);
			path = Models;
			sourceTree = "<group>";
		};
		0415AF2B2BC917C800E9290D /* Controllers */ = {
			isa = PBXGroup;
			children = (
			);
			path = Controllers;
			sourceTree = "<group>";
		};
		0415AF2C2BC917D200E9290D /* Models */ = {
			isa = PBXGroup;
			children = (
			);
			path = Models;
			sourceTree = "<group>";
		};
		0415AF2D2BC917D800E9290D /* Views */ = {
			isa = PBXGroup;
			children = (
				04FFEE302C0080FE00939B46 /* LoginAccountInputView.swift */,
				04FFEE342C008CC500939B46 /* LoginPasswordInputView.swift */,
				04FFEE362C00975A00939B46 /* LoginVCodeInputView.swift */,
				04FFEE382C0097CE00939B46 /* LoginInviteCodeInputView.swift */,
			);
			path = Views;
			sourceTree = "<group>";
		};
		0415AF2E2BC917DE00E9290D /* Controllers */ = {
			isa = PBXGroup;
			children = (
				04FFEE2E2C00454400939B46 /* LoginViewController.swift */,
				04FFEE322C00889400939B46 /* LoginPhoneViewController.swift */,
			);
			path = Controllers;
			sourceTree = "<group>";
		};
		0415AF3D2BCCD2F700E9290D /* API */ = {
			isa = PBXGroup;
			children = (
				0415AF392BC94AC800E9290D /* HFNetworkingType.swift */,
				0415AF3B2BCCBD8D00E9290D /* BusinessAPI.swift */,
				0415AF2F2BC91AB500E9290D /* AuthAPI.swift */,
				0415AF3E2BCCD97300E9290D /* BatteryDepositAPI.swift */,
				0415AF402BCCDC6300E9290D /* PackageCardAPI.swift */,
				0415AF422BCCDCFE00E9290D /* MemberAPI.swift */,
			);
			path = API;
			sourceTree = "<group>";
		};
		04FFEE452C05A6EE00939B46 /* Message */ = {
			isa = PBXGroup;
			children = (
				04FFEE482C05A90100939B46 /* Models */,
				04FFEE472C05A8F700939B46 /* Views */,
				04FFEE462C05A8EC00939B46 /* Controllers */,
			);
			path = Message;
			sourceTree = "<group>";
		};
		04FFEE462C05A8EC00939B46 /* Controllers */ = {
			isa = PBXGroup;
			children = (
				04FFEE492C05A99300939B46 /* MessageViewController.swift */,
			);
			path = Controllers;
			sourceTree = "<group>";
		};
		04FFEE472C05A8F700939B46 /* Views */ = {
			isa = PBXGroup;
			children = (
			);
			path = Views;
			sourceTree = "<group>";
		};
		04FFEE482C05A90100939B46 /* Models */ = {
			isa = PBXGroup;
			children = (
			);
			path = Models;
			sourceTree = "<group>";
		};
		04FFEE4F2C05AECD00939B46 /* Notification */ = {
			isa = PBXGroup;
			children = (
				04FFEE522C05AEFE00939B46 /* Models */,
				04FFEE512C05AEE200939B46 /* Views */,
				04FFEE502C05AED900939B46 /* Controllers */,
			);
			path = Notification;
			sourceTree = "<group>";
		};
		04FFEE502C05AED900939B46 /* Controllers */ = {
			isa = PBXGroup;
			children = (
				04001C392C05C603000A040F /* NotificationViewController.swift */,
			);
			path = Controllers;
			sourceTree = "<group>";
		};
		04FFEE512C05AEE200939B46 /* Views */ = {
			isa = PBXGroup;
			children = (
			);
			path = Views;
			sourceTree = "<group>";
		};
		04FFEE522C05AEFE00939B46 /* Models */ = {
			isa = PBXGroup;
			children = (
			);
			path = Models;
			sourceTree = "<group>";
		};
		331C90B12BC6C60000BB534F = {
			isa = PBXGroup;
			children = (
				331C90BC2BC6C60000BB534F /* hfpower */,
				331C90BB2BC6C60000BB534F /* Products */,
				BCF53446EBC580E60CFC44E9 /* Pods */,
				FD82ADF64339628FB6CF6019 /* Frameworks */,
			);
			sourceTree = "<group>";
		};
		331C90BB2BC6C60000BB534F /* Products */ = {
			isa = PBXGroup;
			children = (
				331C90BA2BC6C60000BB534F /* hfpower.app */,
			);
			name = Products;
			sourceTree = "<group>";
		};
		331C90BC2BC6C60000BB534F /* hfpower */ = {
			isa = PBXGroup;
			children = (
				0415AF1A2BC9155D00E9290D /* Modules */,
				0415AF192BC914DD00E9290D /* Resources */,
				0415AF182BC8E50F00E9290D /* Extensions */,
				0415AF172BC8E50300E9290D /* Networking */,
				331C90BD2BC6C60000BB534F /* AppDelegate.swift */,
				331C90BF2BC6C60000BB534F /* SceneDelegate.swift */,
				331C90C12BC6C60000BB534F /* ViewController.swift */,
				331C90C32BC6C60000BB534F /* Main.storyboard */,
				331C90C62BC6C60100BB534F /* Assets.xcassets */,
				331C90C82BC6C60100BB534F /* LaunchScreen.storyboard */,
				331C90CB2BC6C60100BB534F /* Info.plist */,
			);
			path = hfpower;
			sourceTree = "<group>";
		};
		BCF53446EBC580E60CFC44E9 /* Pods */ = {
			isa = PBXGroup;
			children = (
				40BAA02F3A6DCF0C83B618F5 /* Pods-hfpower.debug.xcconfig */,
				7C85BF236988FF38414F990E /* Pods-hfpower.release.xcconfig */,
			);
			path = Pods;
			sourceTree = "<group>";
		};
		FD82ADF64339628FB6CF6019 /* Frameworks */ = {
			isa = PBXGroup;
			children = (
				B9B1EC9728C1917EDB97E64F /* Pods_hfpower.framework */,
			);
			name = Frameworks;
			sourceTree = "<group>";
		};
/* End PBXGroup section */

/* Begin PBXNativeTarget section */
		331C90B92BC6C60000BB534F /* hfpower */ = {
			isa = PBXNativeTarget;
			buildConfigurationList = 331C90CE2BC6C60100BB534F /* Build configuration list for PBXNativeTarget "hfpower" */;
			buildPhases = (
				9CEE9256AAE73190F64CD33B /* [CP] Check Pods Manifest.lock */,
				331C90B62BC6C60000BB534F /* Sources */,
				331C90B72BC6C60000BB534F /* Frameworks */,
				331C90B82BC6C60000BB534F /* Resources */,
				49AD5CF5D006B7E4DDA37D27 /* [CP] Embed Pods Frameworks */,
			);
			buildRules = (
			);
			dependencies = (
			);
			name = hfpower;
			productName = hfpower;
			productReference = 331C90BA2BC6C60000BB534F /* hfpower.app */;
			productType = "com.apple.product-type.application";
		};
/* End PBXNativeTarget section */

/* Begin PBXProject section */
		331C90B22BC6C60000BB534F /* Project object */ = {
			isa = PBXProject;
			attributes = {
				BuildIndependentTargetsInParallel = 1;
				LastSwiftUpdateCheck = 1530;
				LastUpgradeCheck = 1530;
				TargetAttributes = {
					331C90B92BC6C60000BB534F = {
						CreatedOnToolsVersion = 15.3;
					};
				};
			};
			buildConfigurationList = 331C90B52BC6C60000BB534F /* Build configuration list for PBXProject "hfpower" */;
			compatibilityVersion = "Xcode 14.0";
			developmentRegion = en;
			hasScannedForEncodings = 0;
			knownRegions = (
				en,
				Base,
			);
			mainGroup = 331C90B12BC6C60000BB534F;
			productRefGroup = 331C90BB2BC6C60000BB534F /* Products */;
			projectDirPath = "";
			projectRoot = "";
			targets = (
				331C90B92BC6C60000BB534F /* hfpower */,
			);
		};
/* End PBXProject section */

/* Begin PBXResourcesBuildPhase section */
		331C90B82BC6C60000BB534F /* Resources */ = {
			isa = PBXResourcesBuildPhase;
			buildActionMask = 2147483647;
			files = (
				331C90C72BC6C60100BB534F /* Assets.xcassets in Resources */,
				331C90CA2BC6C60100BB534F /* Base in Resources */,
				331C90C52BC6C60000BB534F /* Base in Resources */,
			);
			runOnlyForDeploymentPostprocessing = 0;
		};
/* End PBXResourcesBuildPhase section */

/* Begin PBXShellScriptBuildPhase section */
		49AD5CF5D006B7E4DDA37D27 /* [CP] Embed Pods Frameworks */ = {
			isa = PBXShellScriptBuildPhase;
			buildActionMask = 2147483647;
			files = (
			);
			inputFileListPaths = (
				"${PODS_ROOT}/Target Support Files/Pods-hfpower/Pods-hfpower-frameworks-${CONFIGURATION}-input-files.xcfilelist",
			);
			name = "[CP] Embed Pods Frameworks";
			outputFileListPaths = (
				"${PODS_ROOT}/Target Support Files/Pods-hfpower/Pods-hfpower-frameworks-${CONFIGURATION}-output-files.xcfilelist",
			);
			runOnlyForDeploymentPostprocessing = 0;
			shellPath = /bin/sh;
			shellScript = "\"${PODS_ROOT}/Target Support Files/Pods-hfpower/Pods-hfpower-frameworks.sh\"\n";
			showEnvVarsInLog = 0;
		};
		9CEE9256AAE73190F64CD33B /* [CP] Check Pods Manifest.lock */ = {
			isa = PBXShellScriptBuildPhase;
			buildActionMask = 2147483647;
			files = (
			);
			inputFileListPaths = (
			);
			inputPaths = (
				"${PODS_PODFILE_DIR_PATH}/Podfile.lock",
				"${PODS_ROOT}/Manifest.lock",
			);
			name = "[CP] Check Pods Manifest.lock";
			outputFileListPaths = (
			);
			outputPaths = (
				"$(DERIVED_FILE_DIR)/Pods-hfpower-checkManifestLockResult.txt",
			);
			runOnlyForDeploymentPostprocessing = 0;
			shellPath = /bin/sh;
			shellScript = "diff \"${PODS_PODFILE_DIR_PATH}/Podfile.lock\" \"${PODS_ROOT}/Manifest.lock\" > /dev/null\nif [ $? != 0 ] ; then\n    # print error to STDERR\n    echo \"error: The sandbox is not in sync with the Podfile.lock. Run 'pod install' or update your CocoaPods installation.\" >&2\n    exit 1\nfi\n# This output is used by Xcode 'outputs' to avoid re-running this script phase.\necho \"SUCCESS\" > \"${SCRIPT_OUTPUT_FILE_0}\"\n";
			showEnvVarsInLog = 0;
		};
/* End PBXShellScriptBuildPhase section */

/* Begin PBXSourcesBuildPhase section */
		331C90B62BC6C60000BB534F /* Sources */ = {
			isa = PBXSourcesBuildPhase;
			buildActionMask = 2147483647;
			files = (
				04FFEE2F2C00454400939B46 /* LoginViewController.swift in Sources */,
				0415AF3A2BC94AC800E9290D /* HFNetworkingType.swift in Sources */,
				04FFEE3C2C0468A000939B46 /* MainTabBarController.swift in Sources */,
				04001C4E2C073103000A040F /* HFStackView.swift in Sources */,
				0415AF382BC94A5100E9290D /* NetworkingClient.swift in Sources */,
				04FFEE442C04A0CD00939B46 /* SearchView.swift in Sources */,
				0415AF362BC935F000E9290D /* CustomPlugin.swift in Sources */,
				04FFEE3E2C046FDF00939B46 /* HomeViewController.swift in Sources */,
				04001C402C05E1EC000A040F /* Button+Extension.swift in Sources */,
				04FFEE402C04700600939B46 /* PersonalViewController.swift in Sources */,
				0415AF322BC92A3700E9290D /* Date+Extension.swift in Sources */,
				04001C3E2C05DD5E000A040F /* UIColor+Extension.swift in Sources */,
				04001C462C06D33A000A040F /* HFMapView.swift in Sources */,
				04FFEE4A2C05A99300939B46 /* MessageViewController.swift in Sources */,
				04001C422C060827000A040F /* CenterAnnotationView.swift in Sources */,
				04001C3A2C05C603000A040F /* NotificationViewController.swift in Sources */,
				0415AF302BC91AB600E9290D /* AuthAPI.swift in Sources */,
				04FFEE422C04A04600939B46 /* LocationChooseView.swift in Sources */,
				04001C3C2C05DBF6000A040F /* MainScanItemView.swift in Sources */,
				043DEC7B2C081833003FD6AD /* MapBatteryView.swift in Sources */,
				04FFEE4E2C05AA2900939B46 /* NeedAuthView.swift in Sources */,
				04FFEE312C0080FE00939B46 /* LoginAccountInputView.swift in Sources */,
				331C90C22BC6C60000BB534F /* ViewController.swift in Sources */,
				0415AF3C2BCCBD8D00E9290D /* BusinessAPI.swift in Sources */,
				04FFEE372C00975B00939B46 /* LoginVCodeInputView.swift in Sources */,
				0415AF3F2BCCD97400E9290D /* BatteryDepositAPI.swift in Sources */,
				04FFEE392C0097CE00939B46 /* LoginInviteCodeInputView.swift in Sources */,
				043DEC772C074850003FD6AD /* MapPackageCardView.swift in Sources */,
				0415AF342BC92BCE00E9290D /* Int+Extension.swift in Sources */,
				04001C442C06092B000A040F /* CenterAnnotation.swift in Sources */,
				04FFEE332C00889400939B46 /* LoginPhoneViewController.swift in Sources */,
				04FFEE4C2C05AA1400939B46 /* NeedLoginView.swift in Sources */,
				043DEC7D2C085253003FD6AD /* MapViewController.swift in Sources */,
				331C90BE2BC6C60000BB534F /* AppDelegate.swift in Sources */,
				043DEC792C074889003FD6AD /* MapInviteView.swift in Sources */,
				0415AF432BCCDCFE00E9290D /* MemberAPI.swift in Sources */,
				04001C4C2C071FF6000A040F /* CustomerServiceViewController.swift in Sources */,
				04001C502C073420000A040F /* MapFeatureView.swift in Sources */,
				04FFEE352C008CC500939B46 /* LoginPasswordInputView.swift in Sources */,
				331C90C02BC6C60000BB534F /* SceneDelegate.swift in Sources */,
				0415AF412BCCDC6300E9290D /* PackageCardAPI.swift in Sources */,
			);
			runOnlyForDeploymentPostprocessing = 0;
		};
/* End PBXSourcesBuildPhase section */

/* Begin PBXVariantGroup section */
		331C90C32BC6C60000BB534F /* Main.storyboard */ = {
			isa = PBXVariantGroup;
			children = (
				331C90C42BC6C60000BB534F /* Base */,
			);
			name = Main.storyboard;
			sourceTree = "<group>";
		};
		331C90C82BC6C60100BB534F /* LaunchScreen.storyboard */ = {
			isa = PBXVariantGroup;
			children = (
				331C90C92BC6C60100BB534F /* Base */,
			);
			name = LaunchScreen.storyboard;
			sourceTree = "<group>";
		};
/* End PBXVariantGroup section */

/* Begin XCBuildConfiguration section */
		331C90CC2BC6C60100BB534F /* Debug */ = {
			isa = XCBuildConfiguration;
			buildSettings = {
				ALWAYS_SEARCH_USER_PATHS = NO;
				ASSETCATALOG_COMPILER_GENERATE_SWIFT_ASSET_SYMBOL_EXTENSIONS = YES;
				CLANG_ANALYZER_NONNULL = YES;
				CLANG_ANALYZER_NUMBER_OBJECT_CONVERSION = YES_AGGRESSIVE;
				CLANG_CXX_LANGUAGE_STANDARD = "gnu++20";
				CLANG_ENABLE_MODULES = YES;
				CLANG_ENABLE_OBJC_ARC = YES;
				CLANG_ENABLE_OBJC_WEAK = YES;
				CLANG_WARN_BLOCK_CAPTURE_AUTORELEASING = YES;
				CLANG_WARN_BOOL_CONVERSION = YES;
				CLANG_WARN_COMMA = YES;
				CLANG_WARN_CONSTANT_CONVERSION = YES;
				CLANG_WARN_DEPRECATED_OBJC_IMPLEMENTATIONS = YES;
				CLANG_WARN_DIRECT_OBJC_ISA_USAGE = YES_ERROR;
				CLANG_WARN_DOCUMENTATION_COMMENTS = YES;
				CLANG_WARN_EMPTY_BODY = YES;
				CLANG_WARN_ENUM_CONVERSION = YES;
				CLANG_WARN_INFINITE_RECURSION = YES;
				CLANG_WARN_INT_CONVERSION = YES;
				CLANG_WARN_NON_LITERAL_NULL_CONVERSION = YES;
				CLANG_WARN_OBJC_IMPLICIT_RETAIN_SELF = YES;
				CLANG_WARN_OBJC_LITERAL_CONVERSION = YES;
				CLANG_WARN_OBJC_ROOT_CLASS = YES_ERROR;
				CLANG_WARN_QUOTED_INCLUDE_IN_FRAMEWORK_HEADER = YES;
				CLANG_WARN_RANGE_LOOP_ANALYSIS = YES;
				CLANG_WARN_STRICT_PROTOTYPES = YES;
				CLANG_WARN_SUSPICIOUS_MOVE = YES;
				CLANG_WARN_UNGUARDED_AVAILABILITY = YES_AGGRESSIVE;
				CLANG_WARN_UNREACHABLE_CODE = YES;
				CLANG_WARN__DUPLICATE_METHOD_MATCH = YES;
				COPY_PHASE_STRIP = NO;
				DEBUG_INFORMATION_FORMAT = dwarf;
				ENABLE_STRICT_OBJC_MSGSEND = YES;
				ENABLE_TESTABILITY = YES;
				ENABLE_USER_SCRIPT_SANDBOXING = YES;
				GCC_C_LANGUAGE_STANDARD = gnu17;
				GCC_DYNAMIC_NO_PIC = NO;
				GCC_NO_COMMON_BLOCKS = YES;
				GCC_OPTIMIZATION_LEVEL = 0;
				GCC_PREPROCESSOR_DEFINITIONS = (
					"DEBUG=1",
					"$(inherited)",
				);
				GCC_WARN_64_TO_32_BIT_CONVERSION = YES;
				GCC_WARN_ABOUT_RETURN_TYPE = YES_ERROR;
				GCC_WARN_UNDECLARED_SELECTOR = YES;
				GCC_WARN_UNINITIALIZED_AUTOS = YES_AGGRESSIVE;
				GCC_WARN_UNUSED_FUNCTION = YES;
				GCC_WARN_UNUSED_VARIABLE = YES;
				IPHONEOS_DEPLOYMENT_TARGET = 13.0;
				LOCALIZATION_PREFERS_STRING_CATALOGS = YES;
				MTL_ENABLE_DEBUG_INFO = INCLUDE_SOURCE;
				MTL_FAST_MATH = YES;
				ONLY_ACTIVE_ARCH = YES;
				SDKROOT = iphoneos;
				SWIFT_ACTIVE_COMPILATION_CONDITIONS = "DEBUG $(inherited)";
				SWIFT_OPTIMIZATION_LEVEL = "-Onone";
			};
			name = Debug;
		};
		331C90CD2BC6C60100BB534F /* Release */ = {
			isa = XCBuildConfiguration;
			buildSettings = {
				ALWAYS_SEARCH_USER_PATHS = NO;
				ASSETCATALOG_COMPILER_GENERATE_SWIFT_ASSET_SYMBOL_EXTENSIONS = YES;
				CLANG_ANALYZER_NONNULL = YES;
				CLANG_ANALYZER_NUMBER_OBJECT_CONVERSION = YES_AGGRESSIVE;
				CLANG_CXX_LANGUAGE_STANDARD = "gnu++20";
				CLANG_ENABLE_MODULES = YES;
				CLANG_ENABLE_OBJC_ARC = YES;
				CLANG_ENABLE_OBJC_WEAK = YES;
				CLANG_WARN_BLOCK_CAPTURE_AUTORELEASING = YES;
				CLANG_WARN_BOOL_CONVERSION = YES;
				CLANG_WARN_COMMA = YES;
				CLANG_WARN_CONSTANT_CONVERSION = YES;
				CLANG_WARN_DEPRECATED_OBJC_IMPLEMENTATIONS = YES;
				CLANG_WARN_DIRECT_OBJC_ISA_USAGE = YES_ERROR;
				CLANG_WARN_DOCUMENTATION_COMMENTS = YES;
				CLANG_WARN_EMPTY_BODY = YES;
				CLANG_WARN_ENUM_CONVERSION = YES;
				CLANG_WARN_INFINITE_RECURSION = YES;
				CLANG_WARN_INT_CONVERSION = YES;
				CLANG_WARN_NON_LITERAL_NULL_CONVERSION = YES;
				CLANG_WARN_OBJC_IMPLICIT_RETAIN_SELF = YES;
				CLANG_WARN_OBJC_LITERAL_CONVERSION = YES;
				CLANG_WARN_OBJC_ROOT_CLASS = YES_ERROR;
				CLANG_WARN_QUOTED_INCLUDE_IN_FRAMEWORK_HEADER = YES;
				CLANG_WARN_RANGE_LOOP_ANALYSIS = YES;
				CLANG_WARN_STRICT_PROTOTYPES = YES;
				CLANG_WARN_SUSPICIOUS_MOVE = YES;
				CLANG_WARN_UNGUARDED_AVAILABILITY = YES_AGGRESSIVE;
				CLANG_WARN_UNREACHABLE_CODE = YES;
				CLANG_WARN__DUPLICATE_METHOD_MATCH = YES;
				COPY_PHASE_STRIP = NO;
				DEBUG_INFORMATION_FORMAT = "dwarf-with-dsym";
				ENABLE_NS_ASSERTIONS = NO;
				ENABLE_STRICT_OBJC_MSGSEND = YES;
				ENABLE_USER_SCRIPT_SANDBOXING = YES;
				GCC_C_LANGUAGE_STANDARD = gnu17;
				GCC_NO_COMMON_BLOCKS = YES;
				GCC_WARN_64_TO_32_BIT_CONVERSION = YES;
				GCC_WARN_ABOUT_RETURN_TYPE = YES_ERROR;
				GCC_WARN_UNDECLARED_SELECTOR = YES;
				GCC_WARN_UNINITIALIZED_AUTOS = YES_AGGRESSIVE;
				GCC_WARN_UNUSED_FUNCTION = YES;
				GCC_WARN_UNUSED_VARIABLE = YES;
				IPHONEOS_DEPLOYMENT_TARGET = 13.0;
				LOCALIZATION_PREFERS_STRING_CATALOGS = YES;
				MTL_ENABLE_DEBUG_INFO = NO;
				MTL_FAST_MATH = YES;
				SDKROOT = iphoneos;
				SWIFT_COMPILATION_MODE = wholemodule;
				VALIDATE_PRODUCT = YES;
			};
			name = Release;
		};
		331C90CF2BC6C60100BB534F /* Debug */ = {
			isa = XCBuildConfiguration;
			baseConfigurationReference = 40BAA02F3A6DCF0C83B618F5 /* Pods-hfpower.debug.xcconfig */;
			buildSettings = {
				ASSETCATALOG_COMPILER_APPICON_NAME = AppIcon;
				ASSETCATALOG_COMPILER_GLOBAL_ACCENT_COLOR_NAME = AccentColor;
				CODE_SIGN_STYLE = Automatic;
				CURRENT_PROJECT_VERSION = 1;
				DEVELOPMENT_TEAM = 6TN5SJ8W78;
				ENABLE_USER_SCRIPT_SANDBOXING = NO;
				GENERATE_INFOPLIST_FILE = YES;
				INFOPLIST_FILE = hfpower/Info.plist;
				INFOPLIST_KEY_CFBundleDisplayName = "核蜂换电";
				INFOPLIST_KEY_UIApplicationSupportsIndirectInputEvents = YES;
				INFOPLIST_KEY_UILaunchStoryboardName = LaunchScreen;
				INFOPLIST_KEY_UIMainStoryboardFile = Main;
				INFOPLIST_KEY_UISupportedInterfaceOrientations = UIInterfaceOrientationPortrait;
				INFOPLIST_KEY_UISupportedInterfaceOrientations_iPad = "UIInterfaceOrientationLandscapeLeft UIInterfaceOrientationLandscapeRight UIInterfaceOrientationPortrait UIInterfaceOrientationPortraitUpsideDown";
				IPHONEOS_DEPLOYMENT_TARGET = 13.0;
				LD_RUNPATH_SEARCH_PATHS = (
					"$(inherited)",
					"@executable_path/Frameworks",
				);
				MARKETING_VERSION = 1.0.0;
				PRODUCT_BUNDLE_IDENTIFIER = com.lzh.hfpower;
				PRODUCT_NAME = "$(TARGET_NAME)";
				SUPPORTED_PLATFORMS = "iphoneos iphonesimulator";
				SUPPORTS_MACCATALYST = NO;
				SWIFT_EMIT_LOC_STRINGS = YES;
				SWIFT_VERSION = 5.0;
				TARGETED_DEVICE_FAMILY = 1;
			};
			name = Debug;
		};
		331C90D02BC6C60100BB534F /* Release */ = {
			isa = XCBuildConfiguration;
			baseConfigurationReference = 7C85BF236988FF38414F990E /* Pods-hfpower.release.xcconfig */;
			buildSettings = {
				ASSETCATALOG_COMPILER_APPICON_NAME = AppIcon;
				ASSETCATALOG_COMPILER_GLOBAL_ACCENT_COLOR_NAME = AccentColor;
				CODE_SIGN_STYLE = Automatic;
				CURRENT_PROJECT_VERSION = 1;
				DEVELOPMENT_TEAM = 6TN5SJ8W78;
				ENABLE_USER_SCRIPT_SANDBOXING = NO;
				GENERATE_INFOPLIST_FILE = YES;
				INFOPLIST_FILE = hfpower/Info.plist;
				INFOPLIST_KEY_CFBundleDisplayName = "核蜂换电";
				INFOPLIST_KEY_UIApplicationSupportsIndirectInputEvents = YES;
				INFOPLIST_KEY_UILaunchStoryboardName = LaunchScreen;
				INFOPLIST_KEY_UIMainStoryboardFile = Main;
				INFOPLIST_KEY_UISupportedInterfaceOrientations = UIInterfaceOrientationPortrait;
				INFOPLIST_KEY_UISupportedInterfaceOrientations_iPad = "UIInterfaceOrientationLandscapeLeft UIInterfaceOrientationLandscapeRight UIInterfaceOrientationPortrait UIInterfaceOrientationPortraitUpsideDown";
				IPHONEOS_DEPLOYMENT_TARGET = 13.0;
				LD_RUNPATH_SEARCH_PATHS = (
					"$(inherited)",
					"@executable_path/Frameworks",
				);
				MARKETING_VERSION = 1.0.0;
				PRODUCT_BUNDLE_IDENTIFIER = com.lzh.hfpower;
				PRODUCT_NAME = "$(TARGET_NAME)";
				SUPPORTED_PLATFORMS = "iphoneos iphonesimulator";
				SUPPORTS_MACCATALYST = NO;
				SWIFT_EMIT_LOC_STRINGS = YES;
				SWIFT_VERSION = 5.0;
				TARGETED_DEVICE_FAMILY = 1;
			};
			name = Release;
		};
/* End XCBuildConfiguration section */

/* Begin XCConfigurationList section */
		331C90B52BC6C60000BB534F /* Build configuration list for PBXProject "hfpower" */ = {
			isa = XCConfigurationList;
			buildConfigurations = (
				331C90CC2BC6C60100BB534F /* Debug */,
				331C90CD2BC6C60100BB534F /* Release */,
			);
			defaultConfigurationIsVisible = 0;
			defaultConfigurationName = Release;
		};
		331C90CE2BC6C60100BB534F /* Build configuration list for PBXNativeTarget "hfpower" */ = {
			isa = XCConfigurationList;
			buildConfigurations = (
				331C90CF2BC6C60100BB534F /* Debug */,
				331C90D02BC6C60100BB534F /* Release */,
			);
			defaultConfigurationIsVisible = 0;
			defaultConfigurationName = Release;
		};
/* End XCConfigurationList section */
	};
	rootObject = 331C90B22BC6C60000BB534F /* Project object */;
}
