PODS:
  - Alamofire (5.9.1)
  - AlipaySDK-iOS (15.8.16)
  - DGCharts (5.1.0):
    - DGCharts/Core (= 5.1.0)
  - DGCharts/Core (5.1.0)
  - EmptyStateKit (1.1.0)
  - ESTabBarController-swift (2.8.0)
  - FloatingPanel (2.8.3)
  - FSPagerView (0.8.3)
  - HMSegmentedControl (1.5.6)
  - IGListDiffKit (5.0.0)
  - IGListKit (5.0.0):
    - IGListDiffKit (= 5.0.0)
  - IQKeyboardManagerSwift (7.0.3)
  - KakaJSON (1.1.2)
  - Kingfisher (7.12.0)
  - LookinServer/Core (1.2.8)
  - LookinServer/Swift (1.2.8):
    - LookinServer/Core
  - MJRefresh (3.7.9)
  - Moya (15.0.0):
    - Moya/Core (= 15.0.0)
  - Moya/Core (15.0.0):
    - Alamofire (~> 5.0)
  - Pageboy (4.2.0)
  - SDCAlertView (12.0.3)
  - SnapKit (5.7.1)
  - SVProgressHUD (2.3.1):
    - SVProgressHUD/Core (= 2.3.1)
  - SVProgressHUD/Core (2.3.1)
  - swiftScan (1.2.1)
  - SwiftyJSON (5.0.2)
  - SwiftyUserDefaults (5.3.0)
  - SwipeCellKit (2.7.1)
  - Tabman (3.2.0):
    - Pageboy (~> 4.2.0)
  - WechatOpenSDK-XCFramework (2.0.4)
  - YNDropDownMenu (3.1.0)
  - ZLPhotoBrowser (4.5.3):
    - ZLPhotoBrowser/Core (= 4.5.3)
  - ZLPhotoBrowser/Core (4.5.3)

DEPENDENCIES:
  - Alamofire
  - AlipaySDK-iOS
  - DGCharts
  - EmptyStateKit
  - ESTabBarController-swift
  - FloatingPanel
  - FSPagerView
  - HMSegmentedControl
  - IGListKit (~> 5.0.0)
  - IQKeyboardManagerSwift
  - KakaJSON (~> 1.1.2)
  - Kingfisher
  - LookinServer/Swift
  - MJRefresh
  - Moya
  - SDCAlertView
  - SnapKit
  - SVProgressHUD
  - swiftScan
  - SwiftyJSON
  - SwiftyUserDefaults
  - SwipeCellKit
  - Tabman
  - WechatOpenSDK-XCFramework
  - YNDropDownMenu
  - ZLPhotoBrowser

SPEC REPOS:
  trunk:
    - Alamofire
    - AlipaySDK-iOS
    - DGCharts
    - EmptyStateKit
    - ESTabBarController-swift
    - FloatingPanel
    - FSPagerView
    - HMSegmentedControl
    - IGListDiffKit
    - IGListKit
    - IQKeyboardManagerSwift
    - KakaJSON
    - Kingfisher
    - LookinServer
    - MJRefresh
    - Moya
    - Pageboy
    - SDCAlertView
    - SnapKit
    - SVProgressHUD
    - swiftScan
    - SwiftyJSON
    - SwiftyUserDefaults
    - SwipeCellKit
    - Tabman
    - WechatOpenSDK-XCFramework
    - YNDropDownMenu
    - ZLPhotoBrowser

SPEC CHECKSUMS:
  Alamofire: f36a35757af4587d8e4f4bfa223ad10be2422b8c
  AlipaySDK-iOS: 5e6011fbd546e7db6b43c1f527d164ee63f3d7cb
  DGCharts: 1c6daf585b6cfc78807af44ea690d357c410627f
  EmptyStateKit: dc41e9ce5c6089f67a49d063bce73ade9f2ba73f
  ESTabBarController-swift: 05593a6ad64700b03c0eb60ff625916370aa4136
  FloatingPanel: 0f9b89c6d4318842311bec6f6026fb18ca2a2c90
  FSPagerView: 670405b2f18e2a87fa37f20b00de783e562c25a8
  HMSegmentedControl: 34c1f54d822d8308e7b24f5d901ec674dfa31352
  IGListDiffKit: 02d937d7e714d6f558771f284ed80668d483b522
  IGListKit: baf7e87b4c2262cd569c380e46ca5667a4a82c82
  IQKeyboardManagerSwift: f9c5dc36cba16ddd2e51fa7d51c34a2e083029b5
  KakaJSON: cc5ff50a8c1cfbb09413db8496cb709a209e6137
  Kingfisher: 53a10ea35051a436b5fb626ca2dd8f3144d755e9
  LookinServer: 1b2b61c6402ae29fa22182d48f5cd067b4e99e80
  MJRefresh: ff9e531227924c84ce459338414550a05d2aea78
  Moya: 138f0573e53411fb3dc17016add0b748dfbd78ee
  Pageboy: 7f7886f61c76633df635861bf7839caf2cabdb3e
  SDCAlertView: cec2dd84906b1fb30490ea59f50d1666f797be6f
  SnapKit: d612e99e678a2d3b95bf60b0705ed0a35c03484a
  SVProgressHUD: 4837c74bdfe2e51e8821c397825996a8d7de6e22
  swiftScan: 0849e7d7c1c641384767a573ee8cb90b88d1ddd9
  SwiftyJSON: f5b1bf1cd8dd53cd25887ac0eabcfd92301c6a5a
  SwiftyUserDefaults: 63f80248cf5bfb3458825d9a78f2eb7e1293a040
  SwipeCellKit: 3972254a826da74609926daf59b08d6c72e619ea
  Tabman: 49f9181a2bfe5c29d002864dac2de8e0b7ea9180
  WechatOpenSDK-XCFramework: 36fb2bea0754266c17184adf4963d7e6ff98b69f
  YNDropDownMenu: 9c88e36c5f913bc614aaf0f3d0a7968f6251268b
  ZLPhotoBrowser: 6955723c7ec2be71f45c6f89ba4d2bec83e73d68

PODFILE CHECKSUM: 2bc195ca286587c9c715abf7b878776088a97039

COCOAPODS: 1.15.2
